
Microsoft Visual Studio Solution File, Format Version 12.00
# Visual Studio 15
VisualStudioVersion = 15.0.28307.329
MinimumVisualStudioVersion = 10.0.40219.1
Project("{FAE04EC0-301F-11D3-BF4B-00C04F79EFBC}") = "APCC_EHS_Tracking_Tool", "APCC_EHS_Tracking_Tool\APCC_EHS_Tracking_Tool.csproj", "{AA901985-4F05-4911-9C42-D1DCADB19631}"
EndProject
Global
	GlobalSection(SolutionConfigurationPlatforms) = preSolution
		Debug|Any CPU = Debug|Any CPU
		Release|Any CPU = Release|Any CPU
	EndGlobalSection
	GlobalSection(ProjectConfigurationPlatforms) = postSolution
		{AA901985-4F05-4911-9C42-D1DCADB19631}.Debug|Any CPU.ActiveCfg = Debug|Any CPU
		{AA901985-4F05-4911-9C42-D1DCADB19631}.Debug|Any CPU.Build.0 = Debug|Any CPU
		{AA901985-4F05-4911-9C42-D1DCADB19631}.Release|Any CPU.ActiveCfg = Release|Any CPU
		{AA901985-4F05-4911-9C42-D1DCADB19631}.Release|Any CPU.Build.0 = Release|Any CPU
	EndGlobalSection
	GlobalSection(SolutionProperties) = preSolution
		HideSolutionNode = FALSE
	EndGlobalSection
	GlobalSection(ExtensibilityGlobals) = postSolution
		SolutionGuid = {7B1ED530-7253-4160-A737-4B8721E9E286}
	EndGlobalSection
EndGlobal
